
Microsoft Visual Studio Solution File, Format Version 12.00
# Visual Studio Version 17
VisualStudioVersion = 17.8.34316.72
MinimumVisualStudioVersion = 10.0.40219.1
Project("{FAE04EC0-301F-11D3-BF4B-00C04F79EFBC}") = "boruvkuv_algo", "boruvkuv_algo\boruvkuv_algo.csproj", "{DBAC84A6-0FA8-4712-B729-1BB9F7DBE065}"
EndProject
Global
	GlobalSection(SolutionConfigurationPlatforms) = preSolution
		Debug|Any CPU = Debug|Any CPU
		Release|Any CPU = Release|Any CPU
	EndGlobalSection
	GlobalSection(ProjectConfigurationPlatforms) = postSolution
		{DBAC84A6-0FA8-4712-B729-1BB9F7DBE065}.Debug|Any CPU.ActiveCfg = Debug|Any CPU
		{DBAC84A6-0FA8-4712-B729-1BB9F7DBE065}.Debug|Any CPU.Build.0 = Debug|Any CPU
		{DBAC84A6-0FA8-4712-B729-1BB9F7DBE065}.Release|Any CPU.ActiveCfg = Release|Any CPU
		{DBAC84A6-0FA8-4712-B729-1BB9F7DBE065}.Release|Any CPU.Build.0 = Release|Any CPU
	EndGlobalSection
	GlobalSection(SolutionProperties) = preSolution
		HideSolutionNode = FALSE
	EndGlobalSection
	GlobalSection(ExtensibilityGlobals) = postSolution
		SolutionGuid = {D214B826-DAF1-4844-985B-6FC7D794310D}
	EndGlobalSection
EndGlobal
